
Microsoft Visual Studio Solution File, Format Version 12.00
# Visual Studio Version 17
VisualStudioVersion = 17.5.33530.505
MinimumVisualStudioVersion = 10.0.40219.1
Project("{FAE04EC0-301F-11D3-BF4B-00C04F79EFBC}") = "CompositeHTML", "CompositeHTML\CompositeHTML.csproj", "{29117119-CE52-4FC0-9572-4782EBC3871C}"
EndProject
Project("{FAE04EC0-301F-11D3-BF4B-00C04F79EFBC}") = "CompositeMARVEL", "CompositeMARVEL\CompositeMARVEL.csproj", "{29CD29AF-9C42-4C99-A72A-75B4F5B0D9DE}"
EndProject
Project("{FAE04EC0-301F-11D3-BF4B-00C04F79EFBC}") = "Proxy", "Proxy\Proxy.csproj", "{446ECA37-9A98-4988-8EF7-99723634C9EF}"
EndProject
Global
	GlobalSection(SolutionConfigurationPlatforms) = preSolution
		Debug|Any CPU = Debug|Any CPU
		Release|Any CPU = Release|Any CPU
	EndGlobalSection
	GlobalSection(ProjectConfigurationPlatforms) = postSolution
		{29117119-CE52-4FC0-9572-4782EBC3871C}.Debug|Any CPU.ActiveCfg = Debug|Any CPU
		{29117119-CE52-4FC0-9572-4782EBC3871C}.Debug|Any CPU.Build.0 = Debug|Any CPU
		{29117119-CE52-4FC0-9572-4782EBC3871C}.Release|Any CPU.ActiveCfg = Release|Any CPU
		{29117119-CE52-4FC0-9572-4782EBC3871C}.Release|Any CPU.Build.0 = Release|Any CPU
		{29CD29AF-9C42-4C99-A72A-75B4F5B0D9DE}.Debug|Any CPU.ActiveCfg = Debug|Any CPU
		{29CD29AF-9C42-4C99-A72A-75B4F5B0D9DE}.Debug|Any CPU.Build.0 = Debug|Any CPU
		{29CD29AF-9C42-4C99-A72A-75B4F5B0D9DE}.Release|Any CPU.ActiveCfg = Release|Any CPU
		{29CD29AF-9C42-4C99-A72A-75B4F5B0D9DE}.Release|Any CPU.Build.0 = Release|Any CPU
		{446ECA37-9A98-4988-8EF7-99723634C9EF}.Debug|Any CPU.ActiveCfg = Debug|Any CPU
		{446ECA37-9A98-4988-8EF7-99723634C9EF}.Debug|Any CPU.Build.0 = Debug|Any CPU
		{446ECA37-9A98-4988-8EF7-99723634C9EF}.Release|Any CPU.ActiveCfg = Release|Any CPU
		{446ECA37-9A98-4988-8EF7-99723634C9EF}.Release|Any CPU.Build.0 = Release|Any CPU
	EndGlobalSection
	GlobalSection(SolutionProperties) = preSolution
		HideSolutionNode = FALSE
	EndGlobalSection
	GlobalSection(ExtensibilityGlobals) = postSolution
		SolutionGuid = {1FB868F5-BCC0-40A9-A7B1-EA13DCB0D9D9}
	EndGlobalSection
EndGlobal
