
Microsoft Visual Studio Solution File, Format Version 12.00
# Visual Studio Version 17
VisualStudioVersion = 17.5.33530.505
MinimumVisualStudioVersion = 10.0.40219.1
Project("{9A19103F-16F7-4668-BE54-9A1E7A4F7556}") = "FactoryMethod", "FactoryMethod\FactoryMethod.csproj", "{E7E59114-0779-4BED-86FC-CE2970A329E4}"
EndProject
Project("{FAE04EC0-301F-11D3-BF4B-00C04F79EFBC}") = "AbstractFactory", "AbstractFactory\AbstractFactory.csproj", "{9C92FA45-4F27-4AD5-8EDA-9FF375DC3FB0}"
EndProject
Project("{FAE04EC0-301F-11D3-BF4B-00C04F79EFBC}") = "Singleton", "Singleton\Singleton.csproj", "{12F73AED-7C5F-4706-B413-D6503B96054D}"
EndProject
Project("{FAE04EC0-301F-11D3-BF4B-00C04F79EFBC}") = "Prototype", "Prototype\Prototype.csproj", "{B807690B-F6FB-4EFF-AC97-40EA76F8280A}"
EndProject
Project("{FAE04EC0-301F-11D3-BF4B-00C04F79EFBC}") = "Builder", "Builder\Builder.csproj", "{4416FA1D-CED3-48D0-B50C-DC53D7BC23EE}"
EndProject
Global
	GlobalSection(SolutionConfigurationPlatforms) = preSolution
		Debug|Any CPU = Debug|Any CPU
		Release|Any CPU = Release|Any CPU
	EndGlobalSection
	GlobalSection(ProjectConfigurationPlatforms) = postSolution
		{E7E59114-0779-4BED-86FC-CE2970A329E4}.Debug|Any CPU.ActiveCfg = Debug|Any CPU
		{E7E59114-0779-4BED-86FC-CE2970A329E4}.Debug|Any CPU.Build.0 = Debug|Any CPU
		{E7E59114-0779-4BED-86FC-CE2970A329E4}.Release|Any CPU.ActiveCfg = Release|Any CPU
		{E7E59114-0779-4BED-86FC-CE2970A329E4}.Release|Any CPU.Build.0 = Release|Any CPU
		{9C92FA45-4F27-4AD5-8EDA-9FF375DC3FB0}.Debug|Any CPU.ActiveCfg = Debug|Any CPU
		{9C92FA45-4F27-4AD5-8EDA-9FF375DC3FB0}.Debug|Any CPU.Build.0 = Debug|Any CPU
		{9C92FA45-4F27-4AD5-8EDA-9FF375DC3FB0}.Release|Any CPU.ActiveCfg = Release|Any CPU
		{9C92FA45-4F27-4AD5-8EDA-9FF375DC3FB0}.Release|Any CPU.Build.0 = Release|Any CPU
		{12F73AED-7C5F-4706-B413-D6503B96054D}.Debug|Any CPU.ActiveCfg = Debug|Any CPU
		{12F73AED-7C5F-4706-B413-D6503B96054D}.Debug|Any CPU.Build.0 = Debug|Any CPU
		{12F73AED-7C5F-4706-B413-D6503B96054D}.Release|Any CPU.ActiveCfg = Release|Any CPU
		{12F73AED-7C5F-4706-B413-D6503B96054D}.Release|Any CPU.Build.0 = Release|Any CPU
		{B807690B-F6FB-4EFF-AC97-40EA76F8280A}.Debug|Any CPU.ActiveCfg = Debug|Any CPU
		{B807690B-F6FB-4EFF-AC97-40EA76F8280A}.Debug|Any CPU.Build.0 = Debug|Any CPU
		{B807690B-F6FB-4EFF-AC97-40EA76F8280A}.Release|Any CPU.ActiveCfg = Release|Any CPU
		{B807690B-F6FB-4EFF-AC97-40EA76F8280A}.Release|Any CPU.Build.0 = Release|Any CPU
		{4416FA1D-CED3-48D0-B50C-DC53D7BC23EE}.Debug|Any CPU.ActiveCfg = Debug|Any CPU
		{4416FA1D-CED3-48D0-B50C-DC53D7BC23EE}.Debug|Any CPU.Build.0 = Debug|Any CPU
		{4416FA1D-CED3-48D0-B50C-DC53D7BC23EE}.Release|Any CPU.ActiveCfg = Release|Any CPU
		{4416FA1D-CED3-48D0-B50C-DC53D7BC23EE}.Release|Any CPU.Build.0 = Release|Any CPU
	EndGlobalSection
	GlobalSection(SolutionProperties) = preSolution
		HideSolutionNode = FALSE
	EndGlobalSection
	GlobalSection(ExtensibilityGlobals) = postSolution
		SolutionGuid = {B27CA5DE-30B6-49E0-B8A9-8C5D33CFD3BB}
	EndGlobalSection
EndGlobal
