
Microsoft Visual Studio Solution File, Format Version 12.00
# Visual Studio Version 17
VisualStudioVersion = 17.5.33530.505
MinimumVisualStudioVersion = 10.0.40219.1
Project("{FAE04EC0-301F-11D3-BF4B-00C04F79EFBC}") = "NoughtsAndCrossesConsoleApp", "NoughtsAndCrossesConsoleApp\NoughtsAndCrossesConsoleApp.csproj", "{ECFF16F6-290B-4456-AC8C-D1893CA49F5B}"
EndProject
Global
	GlobalSection(SolutionConfigurationPlatforms) = preSolution
		Debug|Any CPU = Debug|Any CPU
		Release|Any CPU = Release|Any CPU
	EndGlobalSection
	GlobalSection(ProjectConfigurationPlatforms) = postSolution
		{ECFF16F6-290B-4456-AC8C-D1893CA49F5B}.Debug|Any CPU.ActiveCfg = Debug|Any CPU
		{ECFF16F6-290B-4456-AC8C-D1893CA49F5B}.Debug|Any CPU.Build.0 = Debug|Any CPU
		{ECFF16F6-290B-4456-AC8C-D1893CA49F5B}.Release|Any CPU.ActiveCfg = Release|Any CPU
		{ECFF16F6-290B-4456-AC8C-D1893CA49F5B}.Release|Any CPU.Build.0 = Release|Any CPU
	EndGlobalSection
	GlobalSection(SolutionProperties) = preSolution
		HideSolutionNode = FALSE
	EndGlobalSection
	GlobalSection(ExtensibilityGlobals) = postSolution
		SolutionGuid = {48A729A3-736F-4DB5-ADE1-D638ADDDBC1F}
	EndGlobalSection
EndGlobal
